{
	"requires": true,
	"lockfileVersion": 1,
	"dependencies": {
		"resolve": {
			"version": "1.7.0",
			"resolved": "https://registry.npmjs.org/resolve/-/resolve-1.7.0.tgz",
			"integrity": "sha512-QdgZ5bjR1WAlpLaO5yHepFvC+o3rCr6wpfE2tpJNMkXdulf2jKomQBdNRQITF3ZKHNlT71syG98yQP03gasgnA==",
			"requires": {
				"path-parse": "1.0.5"
			},
			"dependencies": {
				"path-parse": {
					"version": "1.0.5",
					"resolved": "https://registry.npmjs.org/path-parse/-/path-parse-1.0.5.tgz",
					"integrity": "sha1-PBrfhx6pzWyUMbbqK9dKD/BVxME="
				}
			}
		}
	}
}
