{
	"requires": true,
	"lockfileVersion": 1,
	"dependencies": {
		"resolve": {
			"version": "1.6.0",
			"resolved": "https://registry.npmjs.org/resolve/-/resolve-1.6.0.tgz",
			"integrity": "sha512-mw7JQNu5ExIkcw4LPih0owX/TZXjD/ZUF/ZQ/pDnkw3ZKhDcZZw5klmBlj6gVMwjQ3Pz5Jgu7F3d0jcDVuEWdw==",
			"requires": {
				"path-parse": "1.0.5"
			},
			"dependencies": {
				"path-parse": {
					"version": "1.0.5",
					"resolved": "https://registry.npmjs.org/path-parse/-/path-parse-1.0.5.tgz",
					"integrity": "sha1-PBrfhx6pzWyUMbbqK9dKD/BVxME="
				}
			}
		}
	}
}
